// !$*UTF8*$!
{
	archiveVersion = 1;
	classes = {
	};
	objectVersion = 50;
	objects = {

/* Begin PBXBuildFile section */
		FE5FB1BD24B3C1CA005A2E76 /* AppDelegate.swift in Sources */ = {isa = PBXBuildFile; fileRef = FE5FB1BC24B3C1CA005A2E76 /* AppDelegate.swift */; };
		FE5FB1BF24B3C1CA005A2E76 /* SceneDelegate.swift in Sources */ = {isa = PBXBuildFile; fileRef = FE5FB1BE24B3C1CA005A2E76 /* SceneDelegate.swift */; };
		FE5FB1C124B3C1CA005A2E76 /* ImagePostViewController.swift in Sources */ = {isa = PBXBuildFile; fileRef = FE5FB1C024B3C1CA005A2E76 /* ImagePostViewController.swift */; };
		FE5FB1C424B3C1CA005A2E76 /* Main.storyboard in Resources */ = {isa = PBXBuildFile; fileRef = FE5FB1C224B3C1CA005A2E76 /* Main.storyboard */; };
		FE5FB1C624B3C1CB005A2E76 /* Assets.xcassets in Resources */ = {isa = PBXBuildFile; fileRef = FE5FB1C524B3C1CB005A2E76 /* Assets.xcassets */; };
		FE5FB1C924B3C1CB005A2E76 /* LaunchScreen.storyboard in Resources */ = {isa = PBXBuildFile; fileRef = FE5FB1C724B3C1CB005A2E76 /* LaunchScreen.storyboard */; };
		FE5FB1D124B52545005A2E76 /* UIImage+Scaling.swift in Sources */ = {isa = PBXBuildFile; fileRef = FE5FB1D024B52545005A2E76 /* UIImage+Scaling.swift */; };
/* End PBXBuildFile section */

/* Begin PBXFileReference section */
		FE5FB1B924B3C1CA005A2E76 /* ImageFilterEditor.app */ = {isa = PBXFileReference; explicitFileType = wrapper.application; includeInIndex = 0; path = ImageFilterEditor.app; sourceTree = BUILT_PRODUCTS_DIR; };
		FE5FB1BC24B3C1CA005A2E76 /* AppDelegate.swift */ = {isa = PBXFileReference; lastKnownFileType = sourcecode.swift; path = AppDelegate.swift; sourceTree = "<group>"; };
		FE5FB1BE24B3C1CA005A2E76 /* SceneDelegate.swift */ = {isa = PBXFileReference; lastKnownFileType = sourcecode.swift; path = SceneDelegate.swift; sourceTree = "<group>"; };
		FE5FB1C024B3C1CA005A2E76 /* ImagePostViewController.swift */ = {isa = PBXFileReference; lastKnownFileType = sourcecode.swift; path = ImagePostViewController.swift; sourceTree = "<group>"; };
		FE5FB1C324B3C1CA005A2E76 /* Base */ = {isa = PBXFileReference; lastKnownFileType = file.storyboard; name = Base; path = Base.lproj/Main.storyboard; sourceTree = "<group>"; };
		FE5FB1C524B3C1CB005A2E76 /* Assets.xcassets */ = {isa = PBXFileReference; lastKnownFileType = folder.assetcatalog; path = Assets.xcassets; sourceTree = "<group>"; };
		FE5FB1C824B3C1CB005A2E76 /* Base */ = {isa = PBXFileReference; lastKnownFileType = file.storyboard; name = Base; path = Base.lproj/LaunchScreen.storyboard; sourceTree = "<group>"; };
		FE5FB1CA24B3C1CB005A2E76 /* Info.plist */ = {isa = PBXFileReference; lastKnownFileType = text.plist.xml; path = Info.plist; sourceTree = "<group>"; };
		FE5FB1D024B52545005A2E76 /* UIImage+Scaling.swift */ = {isa = PBXFileReference; lastKnownFileType = sourcecode.swift; path = "UIImage+Scaling.swift"; sourceTree = "<group>"; };
/* End PBXFileReference section */

/* Begin PBXFrameworksBuildPhase section */
		FE5FB1B624B3C1CA005A2E76 /* Frameworks */ = {
			isa = PBXFrameworksBuildPhase;
			buildActionMask = 2147483647;
			files = (
			);
			runOnlyForDeploymentPostprocessing = 0;
		};
/* End PBXFrameworksBuildPhase section */

/* Begin PBXGroup section */
		FE5FB1B024B3C1C9005A2E76 = {
			isa = PBXGroup;
			children = (
				FE5FB1D024B52545005A2E76 /* UIImage+Scaling.swift */,
				FE5FB1BB24B3C1CA005A2E76 /* ImageFilterEditor */,
				FE5FB1BA24B3C1CA005A2E76 /* Products */,
			);
			sourceTree = "<group>";
		};
		FE5FB1BA24B3C1CA005A2E76 /* Products */ = {
			isa = PBXGroup;
			children = (
				FE5FB1B924B3C1CA005A2E76 /* ImageFilterEditor.app */,
			);
			name = Products;
			sourceTree = "<group>";
		};
		FE5FB1BB24B3C1CA005A2E76 /* ImageFilterEditor */ = {
			isa = PBXGroup;
			children = (
				FE5FB1BC24B3C1CA005A2E76 /* AppDelegate.swift */,
				FE5FB1BE24B3C1CA005A2E76 /* SceneDelegate.swift */,
				FE5FB1C024B3C1CA005A2E76 /* ImagePostViewController.swift */,
				FE5FB1C224B3C1CA005A2E76 /* Main.storyboard */,
				FE5FB1C524B3C1CB005A2E76 /* Assets.xcassets */,
				FE5FB1C724B3C1CB005A2E76 /* LaunchScreen.storyboard */,
				FE5FB1CA24B3C1CB005A2E76 /* Info.plist */,
			);
			path = ImageFilterEditor;
			sourceTree = "<group>";
		};
/* End PBXGroup section */

/* Begin PBXNativeTarget section */
		FE5FB1B824B3C1CA005A2E76 /* ImageFilterEditor */ = {
			isa = PBXNativeTarget;
			buildConfigurationList = FE5FB1CD24B3C1CB005A2E76 /* Build configuration list for PBXNativeTarget "ImageFilterEditor" */;
			buildPhases = (
				FE5FB1B524B3C1CA005A2E76 /* Sources */,
				FE5FB1B624B3C1CA005A2E76 /* Frameworks */,
				FE5FB1B724B3C1CA005A2E76 /* Resources */,
			);
			buildRules = (
			);
			dependencies = (
			);
			name = ImageFilterEditor;
			productName = ImageFilterEditor;
			productReference = FE5FB1B924B3C1CA005A2E76 /* ImageFilterEditor.app */;
			productType = "com.apple.product-type.application";
		};
/* End PBXNativeTarget section */

/* Begin PBXProject section */
		FE5FB1B124B3C1C9005A2E76 /* Project object */ = {
			isa = PBXProject;
			attributes = {
				LastSwiftUpdateCheck = 1150;
				LastUpgradeCheck = 1150;
				ORGANIZATIONNAME = "Harmony Radley";
				TargetAttributes = {
					FE5FB1B824B3C1CA005A2E76 = {
						CreatedOnToolsVersion = 11.5;
					};
				};
			};
			buildConfigurationList = FE5FB1B424B3C1C9005A2E76 /* Build configuration list for PBXProject "ImageFilterEditor" */;
			compatibilityVersion = "Xcode 9.3";
			developmentRegion = en;
			hasScannedForEncodings = 0;
			knownRegions = (
				en,
				Base,
			);
			mainGroup = FE5FB1B024B3C1C9005A2E76;
			productRefGroup = FE5FB1BA24B3C1CA005A2E76 /* Products */;
			projectDirPath = "";
			projectRoot = "";
			targets = (
				FE5FB1B824B3C1CA005A2E76 /* ImageFilterEditor */,
			);
		};
/* End PBXProject section */

/* Begin PBXResourcesBuildPhase section */
		FE5FB1B724B3C1CA005A2E76 /* Resources */ = {
			isa = PBXResourcesBuildPhase;
			buildActionMask = 2147483647;
			files = (
				FE5FB1C924B3C1CB005A2E76 /* LaunchScreen.storyboard in Resources */,
				FE5FB1C624B3C1CB005A2E76 /* Assets.xcassets in Resources */,
				FE5FB1C424B3C1CA005A2E76 /* Main.storyboard in Resources */,
			);
			runOnlyForDeploymentPostprocessing = 0;
		};
/* End PBXResourcesBuildPhase section */

/* Begin PBXSourcesBuildPhase section */
		FE5FB1B524B3C1CA005A2E76 /* Sources */ = {
			isa = PBXSourcesBuildPhase;
			buildActionMask = 2147483647;
			files = (
				FE5FB1C124B3C1CA005A2E76 /* ImagePostViewController.swift in Sources */,
				FE5FB1D124B52545005A2E76 /* UIImage+Scaling.swift in Sources */,
				FE5FB1BD24B3C1CA005A2E76 /* AppDelegate.swift in Sources */,
				FE5FB1BF24B3C1CA005A2E76 /* SceneDelegate.swift in Sources */,
			);
			runOnlyForDeploymentPostprocessing = 0;
		};
/* End PBXSourcesBuildPhase section */

/* Begin PBXVariantGroup section */
		FE5FB1C224B3C1CA005A2E76 /* Main.storyboard */ = {
			isa = PBXVariantGroup;
			children = (
				FE5FB1C324B3C1CA005A2E76 /* Base */,
			);
			name = Main.storyboard;
			sourceTree = "<group>";
		};
		FE5FB1C724B3C1CB005A2E76 /* LaunchScreen.storyboard */ = {
			isa = PBXVariantGroup;
			children = (
				FE5FB1C824B3C1CB005A2E76 /* Base */,
			);
			name = LaunchScreen.storyboard;
			sourceTree = "<group>";
		};
/* End PBXVariantGroup section */

/* Begin XCBuildConfiguration section */
		FE5FB1CB24B3C1CB005A2E76 /* Debug */ = {
			isa = XCBuildConfiguration;
			buildSettings = {
				ALWAYS_SEARCH_USER_PATHS = NO;
				CLANG_ANALYZER_NONNULL = YES;
				CLANG_ANALYZER_NUMBER_OBJECT_CONVERSION = YES_AGGRESSIVE;
				CLANG_CXX_LANGUAGE_STANDARD = "gnu++14";
				CLANG_CXX_LIBRARY = "libc++";
				CLANG_ENABLE_MODULES = YES;
				CLANG_ENABLE_OBJC_ARC = YES;
				CLANG_ENABLE_OBJC_WEAK = YES;
				CLANG_WARN_BLOCK_CAPTURE_AUTORELEASING = YES;
				CLANG_WARN_BOOL_CONVERSION = YES;
				CLANG_WARN_COMMA = YES;
				CLANG_WARN_CONSTANT_CONVERSION = YES;
				CLANG_WARN_DEPRECATED_OBJC_IMPLEMENTATIONS = YES;
				CLANG_WARN_DIRECT_OBJC_ISA_USAGE = YES_ERROR;
				CLANG_WARN_DOCUMENTATION_COMMENTS = YES;
				CLANG_WARN_EMPTY_BODY = YES;
				CLANG_WARN_ENUM_CONVERSION = YES;
				CLANG_WARN_INFINITE_RECURSION = YES;
				CLANG_WARN_INT_CONVERSION = YES;
				CLANG_WARN_NON_LITERAL_NULL_CONVERSION = YES;
				CLANG_WARN_OBJC_IMPLICIT_RETAIN_SELF = YES;
				CLANG_WARN_OBJC_LITERAL_CONVERSION = YES;
				CLANG_WARN_OBJC_ROOT_CLASS = YES_ERROR;
				CLANG_WARN_RANGE_LOOP_ANALYSIS = YES;
				CLANG_WARN_STRICT_PROTOTYPES = YES;
				CLANG_WARN_SUSPICIOUS_MOVE = YES;
				CLANG_WARN_UNGUARDED_AVAILABILITY = YES_AGGRESSIVE;
				CLANG_WARN_UNREACHABLE_CODE = YES;
				CLANG_WARN__DUPLICATE_METHOD_MATCH = YES;
				COPY_PHASE_STRIP = NO;
				DEBUG_INFORMATION_FORMAT = dwarf;
				ENABLE_STRICT_OBJC_MSGSEND = YES;
				ENABLE_TESTABILITY = YES;
				GCC_C_LANGUAGE_STANDARD = gnu11;
				GCC_DYNAMIC_NO_PIC = NO;
				GCC_NO_COMMON_BLOCKS = YES;
				GCC_OPTIMIZATION_LEVEL = 0;
				GCC_PREPROCESSOR_DEFINITIONS = (
					"DEBUG=1",
					"$(inherited)",
				);
				GCC_WARN_64_TO_32_BIT_CONVERSION = YES;
				GCC_WARN_ABOUT_RETURN_TYPE = YES_ERROR;
				GCC_WARN_UNDECLARED_SELECTOR = YES;
				GCC_WARN_UNINITIALIZED_AUTOS = YES_AGGRESSIVE;
				GCC_WARN_UNUSED_FUNCTION = YES;
				GCC_WARN_UNUSED_VARIABLE = YES;
				IPHONEOS_DEPLOYMENT_TARGET = 13.5;
				MTL_ENABLE_DEBUG_INFO = INCLUDE_SOURCE;
				MTL_FAST_MATH = YES;
				ONLY_ACTIVE_ARCH = YES;
				SDKROOT = iphoneos;
				SWIFT_ACTIVE_COMPILATION_CONDITIONS = DEBUG;
				SWIFT_OPTIMIZATION_LEVEL = "-Onone";
			};
			name = Debug;
		};
		FE5FB1CC24B3C1CB005A2E76 /* Release */ = {
			isa = XCBuildConfiguration;
			buildSettings = {
				ALWAYS_SEARCH_USER_PATHS = NO;
				CLANG_ANALYZER_NONNULL = YES;
				CLANG_ANALYZER_NUMBER_OBJECT_CONVERSION = YES_AGGRESSIVE;
				CLANG_CXX_LANGUAGE_STANDARD = "gnu++14";
				CLANG_CXX_LIBRARY = "libc++";
				CLANG_ENABLE_MODULES = YES;
				CLANG_ENABLE_OBJC_ARC = YES;
				CLANG_ENABLE_OBJC_WEAK = YES;
				CLANG_WARN_BLOCK_CAPTURE_AUTORELEASING = YES;
				CLANG_WARN_BOOL_CONVERSION = YES;
				CLANG_WARN_COMMA = YES;
				CLANG_WARN_CONSTANT_CONVERSION = YES;
				CLANG_WARN_DEPRECATED_OBJC_IMPLEMENTATIONS = YES;
				CLANG_WARN_DIRECT_OBJC_ISA_USAGE = YES_ERROR;
				CLANG_WARN_DOCUMENTATION_COMMENTS = YES;
				CLANG_WARN_EMPTY_BODY = YES;
				CLANG_WARN_ENUM_CONVERSION = YES;
				CLANG_WARN_INFINITE_RECURSION = YES;
				CLANG_WARN_INT_CONVERSION = YES;
				CLANG_WARN_NON_LITERAL_NULL_CONVERSION = YES;
				CLANG_WARN_OBJC_IMPLICIT_RETAIN_SELF = YES;
				CLANG_WARN_OBJC_LITERAL_CONVERSION = YES;
				CLANG_WARN_OBJC_ROOT_CLASS = YES_ERROR;
				CLANG_WARN_RANGE_LOOP_ANALYSIS = YES;
				CLANG_WARN_STRICT_PROTOTYPES = YES;
				CLANG_WARN_SUSPICIOUS_MOVE = YES;
				CLANG_WARN_UNGUARDED_AVAILABILITY = YES_AGGRESSIVE;
				CLANG_WARN_UNREACHABLE_CODE = YES;
				CLANG_WARN__DUPLICATE_METHOD_MATCH = YES;
				COPY_PHASE_STRIP = NO;
				DEBUG_INFORMATION_FORMAT = "dwarf-with-dsym";
				ENABLE_NS_ASSERTIONS = NO;
				ENABLE_STRICT_OBJC_MSGSEND = YES;
				GCC_C_LANGUAGE_STANDARD = gnu11;
				GCC_NO_COMMON_BLOCKS = YES;
				GCC_WARN_64_TO_32_BIT_CONVERSION = YES;
				GCC_WARN_ABOUT_RETURN_TYPE = YES_ERROR;
				GCC_WARN_UNDECLARED_SELECTOR = YES;
				GCC_WARN_UNINITIALIZED_AUTOS = YES_AGGRESSIVE;
				GCC_WARN_UNUSED_FUNCTION = YES;
				GCC_WARN_UNUSED_VARIABLE = YES;
				IPHONEOS_DEPLOYMENT_TARGET = 13.5;
				MTL_ENABLE_DEBUG_INFO = NO;
				MTL_FAST_MATH = YES;
				SDKROOT = iphoneos;
				SWIFT_COMPILATION_MODE = wholemodule;
				SWIFT_OPTIMIZATION_LEVEL = "-O";
				VALIDATE_PRODUCT = YES;
			};
			name = Release;
		};
		FE5FB1CE24B3C1CB005A2E76 /* Debug */ = {
			isa = XCBuildConfiguration;
			buildSettings = {
				ASSETCATALOG_COMPILER_APPICON_NAME = AppIcon;
				CODE_SIGN_STYLE = Automatic;
				INFOPLIST_FILE = ImageFilterEditor/Info.plist;
				LD_RUNPATH_SEARCH_PATHS = (
					"$(inherited)",
					"@executable_path/Frameworks",
				);
				PRODUCT_BUNDLE_IDENTIFIER = com.HarmonyRadley.ImageFilterEditor;
				PRODUCT_NAME = "$(TARGET_NAME)";
				SWIFT_VERSION = 5.0;
				TARGETED_DEVICE_FAMILY = "1,2";
			};
			name = Debug;
		};
		FE5FB1CF24B3C1CB005A2E76 /* Release */ = {
			isa = XCBuildConfiguration;
			buildSettings = {
				ASSETCATALOG_COMPILER_APPICON_NAME = AppIcon;
				CODE_SIGN_STYLE = Automatic;
				INFOPLIST_FILE = ImageFilterEditor/Info.plist;
				LD_RUNPATH_SEARCH_PATHS = (
					"$(inherited)",
					"@executable_path/Frameworks",
				);
				PRODUCT_BUNDLE_IDENTIFIER = com.HarmonyRadley.ImageFilterEditor;
				PRODUCT_NAME = "$(TARGET_NAME)";
				SWIFT_VERSION = 5.0;
				TARGETED_DEVICE_FAMILY = "1,2";
			};
			name = Release;
		};
/* End XCBuildConfiguration section */

/* Begin XCConfigurationList section */
		FE5FB1B424B3C1C9005A2E76 /* Build configuration list for PBXProject "ImageFilterEditor" */ = {
			isa = XCConfigurationList;
			buildConfigurations = (
				FE5FB1CB24B3C1CB005A2E76 /* Debug */,
				FE5FB1CC24B3C1CB005A2E76 /* Release */,
			);
			defaultConfigurationIsVisible = 0;
			defaultConfigurationName = Release;
		};
		FE5FB1CD24B3C1CB005A2E76 /* Build configuration list for PBXNativeTarget "ImageFilterEditor" */ = {
			isa = XCConfigurationList;
			buildConfigurations = (
				FE5FB1CE24B3C1CB005A2E76 /* Debug */,
				FE5FB1CF24B3C1CB005A2E76 /* Release */,
			);
			defaultConfigurationIsVisible = 0;
			defaultConfigurationName = Release;
		};
/* End XCConfigurationList section */
	};
	rootObject = FE5FB1B124B3C1C9005A2E76 /* Project object */;
}
